
Microsoft Visual Studio Solution File, Format Version 12.00
# Visual Studio Version 16
VisualStudioVersion = 16.0.31424.327
MinimumVisualStudioVersion = 10.0.40219.1
Project("{8BC9CEB8-8B4A-11D0-8D11-00A0C91BC942}") = "knight_tour", "knight_tour\knight_tour.vcxproj", "{F0D2945E-93FC-4149-AB40-D1E2A1FD66D9}"
EndProject
Global
	GlobalSection(SolutionConfigurationPlatforms) = preSolution
		Debug|x64 = Debug|x64
		Debug|x86 = Debug|x86
		Release|x64 = Release|x64
		Release|x86 = Release|x86
	EndGlobalSection
	GlobalSection(ProjectConfigurationPlatforms) = postSolution
		{F0D2945E-93FC-4149-AB40-D1E2A1FD66D9}.Debug|x64.ActiveCfg = Debug|x64
		{F0D2945E-93FC-4149-AB40-D1E2A1FD66D9}.Debug|x64.Build.0 = Debug|x64
		{F0D2945E-93FC-4149-AB40-D1E2A1FD66D9}.Debug|x86.ActiveCfg = Debug|Win32
		{F0D2945E-93FC-4149-AB40-D1E2A1FD66D9}.Debug|x86.Build.0 = Debug|Win32
		{F0D2945E-93FC-4149-AB40-D1E2A1FD66D9}.Release|x64.ActiveCfg = Release|x64
		{F0D2945E-93FC-4149-AB40-D1E2A1FD66D9}.Release|x64.Build.0 = Release|x64
		{F0D2945E-93FC-4149-AB40-D1E2A1FD66D9}.Release|x86.ActiveCfg = Release|Win32
		{F0D2945E-93FC-4149-AB40-D1E2A1FD66D9}.Release|x86.Build.0 = Release|Win32
	EndGlobalSection
	GlobalSection(SolutionProperties) = preSolution
		HideSolutionNode = FALSE
	EndGlobalSection
	GlobalSection(ExtensibilityGlobals) = postSolution
		SolutionGuid = {426D5B55-6C8C-4AD3-A7E4-A7859AE9AC5A}
	EndGlobalSection
EndGlobal
